
Microsoft Visual Studio Solution File, Format Version 12.00
# Visual Studio Version 17
VisualStudioVersion = 17.14.36804.6 d17.14
MinimumVisualStudioVersion = 10.0.40219.1
Project("{FAE04EC0-301F-11D3-BF4B-00C04F79EFBC}") = "gitDemo", "gitDemo\gitDemo.csproj", "{EDC8A511-3A54-4D6F-9C80-8E0941D535CE}"
EndProject
Global
	GlobalSection(SolutionConfigurationPlatforms) = preSolution
		Debug|Any CPU = Debug|Any CPU
		Release|Any CPU = Release|Any CPU
	EndGlobalSection
	GlobalSection(ProjectConfigurationPlatforms) = postSolution
		{EDC8A511-3A54-4D6F-9C80-8E0941D535CE}.Debug|Any CPU.ActiveCfg = Debug|Any CPU
		{EDC8A511-3A54-4D6F-9C80-8E0941D535CE}.Debug|Any CPU.Build.0 = Debug|Any CPU
		{EDC8A511-3A54-4D6F-9C80-8E0941D535CE}.Release|Any CPU.ActiveCfg = Release|Any CPU
		{EDC8A511-3A54-4D6F-9C80-8E0941D535CE}.Release|Any CPU.Build.0 = Release|Any CPU
	EndGlobalSection
	GlobalSection(SolutionProperties) = preSolution
		HideSolutionNode = FALSE
	EndGlobalSection
	GlobalSection(ExtensibilityGlobals) = postSolution
		SolutionGuid = {54FCEC13-A632-42CF-BAAA-19C108FFD724}
	EndGlobalSection
EndGlobal
